
Microsoft Visual Studio Solution File, Format Version 12.00
# Visual Studio Version 17
VisualStudioVersion = 17.4.33103.184
MinimumVisualStudioVersion = 10.0.40219.1
Project("{FAE04EC0-301F-11D3-BF4B-00C04F79EFBC}") = "WEEK12_15MEI2023", "WEEK12_15MEI2023\WEEK12_15MEI2023.csproj", "{BA411BD2-1E52-42B4-BA2D-C556696FC6BC}"
EndProject
Global
	GlobalSection(SolutionConfigurationPlatforms) = preSolution
		Debug|Any CPU = Debug|Any CPU
		Release|Any CPU = Release|Any CPU
	EndGlobalSection
	GlobalSection(ProjectConfigurationPlatforms) = postSolution
		{BA411BD2-1E52-42B4-BA2D-C556696FC6BC}.Debug|Any CPU.ActiveCfg = Debug|Any CPU
		{BA411BD2-1E52-42B4-BA2D-C556696FC6BC}.Debug|Any CPU.Build.0 = Debug|Any CPU
		{BA411BD2-1E52-42B4-BA2D-C556696FC6BC}.Release|Any CPU.ActiveCfg = Release|Any CPU
		{BA411BD2-1E52-42B4-BA2D-C556696FC6BC}.Release|Any CPU.Build.0 = Release|Any CPU
	EndGlobalSection
	GlobalSection(SolutionProperties) = preSolution
		HideSolutionNode = FALSE
	EndGlobalSection
	GlobalSection(ExtensibilityGlobals) = postSolution
		SolutionGuid = {866AD1F3-4C8A-440B-86E6-C25202152175}
	EndGlobalSection
EndGlobal
